
Microsoft Visual Studio Solution File, Format Version 12.00
# Visual Studio 15
VisualStudioVersion = 15.0.28307.168
MinimumVisualStudioVersion = 10.0.40219.1
Project("{9A19103F-16F7-4668-BE54-9A1E7A4F7556}") = "CifParser", "CifParser\CifParser.csproj", "{A1393ABE-AA32-4C2D-8D9B-AEFA83B2DC1E}"
EndProject
Project("{9A19103F-16F7-4668-BE54-9A1E7A4F7556}") = "CifParserTest", "CIfParserTest\CifParserTest.csproj", "{607B9F63-0C23-4A9B-B1FC-C8C0CCF0DFDE}"
EndProject
Project("{2150E333-8FDC-42A3-9474-1A3956D46DE8}") = "Solution Items", "Solution Items", "{55C90657-7E2D-4EC7-8EEF-18EAAC81E8D1}"
	ProjectSection(SolutionItems) = preProject
		.gitignore = .gitignore
		LICENSE = LICENSE
		README.md = README.md
		GitVersion.yml = GitVersion.yml
	EndProjectSection
EndProject
Project("{2150E333-8FDC-42A3-9474-1A3956D46DE8}") = ".github", ".github", "{566D6260-BE56-46F7-A10C-CAFE917A5E17}"
	ProjectSection(SolutionItems) = preProject
		.github\dependabot.yml = .github\dependabot.yml
	EndProjectSection
EndProject
Project("{2150E333-8FDC-42A3-9474-1A3956D46DE8}") = "workflows", "workflows", "{A31873E5-D484-47AB-8DF8-4D361FC8C7DA}"
	ProjectSection(SolutionItems) = preProject
		.github\workflows\build.yml = .github\workflows\build.yml
	EndProjectSection
EndProject
Global
	GlobalSection(SolutionConfigurationPlatforms) = preSolution
		Debug|Any CPU = Debug|Any CPU
		Release|Any CPU = Release|Any CPU
	EndGlobalSection
	GlobalSection(ProjectConfigurationPlatforms) = postSolution
		{A1393ABE-AA32-4C2D-8D9B-AEFA83B2DC1E}.Debug|Any CPU.ActiveCfg = Debug|Any CPU
		{A1393ABE-AA32-4C2D-8D9B-AEFA83B2DC1E}.Debug|Any CPU.Build.0 = Debug|Any CPU
		{A1393ABE-AA32-4C2D-8D9B-AEFA83B2DC1E}.Release|Any CPU.ActiveCfg = Release|Any CPU
		{A1393ABE-AA32-4C2D-8D9B-AEFA83B2DC1E}.Release|Any CPU.Build.0 = Release|Any CPU
		{607B9F63-0C23-4A9B-B1FC-C8C0CCF0DFDE}.Debug|Any CPU.ActiveCfg = Debug|Any CPU
		{607B9F63-0C23-4A9B-B1FC-C8C0CCF0DFDE}.Debug|Any CPU.Build.0 = Debug|Any CPU
		{607B9F63-0C23-4A9B-B1FC-C8C0CCF0DFDE}.Release|Any CPU.ActiveCfg = Release|Any CPU
		{607B9F63-0C23-4A9B-B1FC-C8C0CCF0DFDE}.Release|Any CPU.Build.0 = Release|Any CPU
	EndGlobalSection
	GlobalSection(SolutionProperties) = preSolution
		HideSolutionNode = FALSE
	EndGlobalSection
	GlobalSection(ExtensibilityGlobals) = postSolution
		SolutionGuid = {345EB738-8FCA-4178-988C-27C6A2E6A7DC}
	EndGlobalSection
	GlobalSection(NestedProjects) = preSolution
		{566D6260-BE56-46F7-A10C-CAFE917A5E17} = {55C90657-7E2D-4EC7-8EEF-18EAAC81E8D1}
		{A31873E5-D484-47AB-8DF8-4D361FC8C7DA} = {566D6260-BE56-46F7-A10C-CAFE917A5E17}
	EndGlobalSection
EndGlobal
